// !$*UTF8*$!
{
	archiveVersion = 1;
	classes = {
	};
	objectVersion = 50;
	objects = {

/* Begin PBXBuildFile section */
		636863C624EAC18600BDCE95 /* AppDelegate.m in Sources */ = {isa = PBXBuildFile; fileRef = 636863C524EAC18600BDCE95 /* AppDelegate.m */; };
		636863CF24EAC18600BDCE95 /* Main.storyboard in Resources */ = {isa = PBXBuildFile; fileRef = 636863CD24EAC18600BDCE95 /* Main.storyboard */; };
		636863D124EAC18700BDCE95 /* Assets.xcassets in Resources */ = {isa = PBXBuildFile; fileRef = 636863D024EAC18700BDCE95 /* Assets.xcassets */; };
		636863D424EAC18800BDCE95 /* LaunchScreen.storyboard in Resources */ = {isa = PBXBuildFile; fileRef = 636863D224EAC18800BDCE95 /* LaunchScreen.storyboard */; };
		636863D724EAC18800BDCE95 /* main.m in Sources */ = {isa = PBXBuildFile; fileRef = 636863D624EAC18800BDCE95 /* main.m */; };
		636863E424EAC1B200BDCE95 /* ReplayKit.framework in Frameworks */ = {isa = PBXBuildFile; fileRef = 636863E324EAC1B200BDCE95 /* ReplayKit.framework */; };
		636863E824EAC1B200BDCE95 /* SampleHandler.m in Sources */ = {isa = PBXBuildFile; fileRef = 636863E724EAC1B200BDCE95 /* SampleHandler.m */; };
		636863EF24EAC1B200BDCE95 /* ReplayKit.framework in Frameworks */ = {isa = PBXBuildFile; fileRef = 636863E324EAC1B200BDCE95 /* ReplayKit.framework */; };
		636863F124EAC1B200BDCE95 /* UIKit.framework in Frameworks */ = {isa = PBXBuildFile; fileRef = 636863F024EAC1B200BDCE95 /* UIKit.framework */; };
		636863F524EAC1B200BDCE95 /* BroadcastSetupViewController.m in Sources */ = {isa = PBXBuildFile; fileRef = 636863F424EAC1B200BDCE95 /* BroadcastSetupViewController.m */; };
		636863F924EAC1B200BDCE95 /* AR-Screen-Sharing-iOS-BroadcastSetupUI.appex in Embed App Extensions */ = {isa = PBXBuildFile; fileRef = 636863EE24EAC1B200BDCE95 /* AR-Screen-Sharing-iOS-BroadcastSetupUI.appex */; settings = {ATTRIBUTES = (RemoveHeadersOnCopy, ); }; };
		636863FC24EAC1B200BDCE95 /* AR-Screen-Sharing-iOS-Broadcast.appex in Embed App Extensions */ = {isa = PBXBuildFile; fileRef = 636863E124EAC1B200BDCE95 /* AR-Screen-Sharing-iOS-Broadcast.appex */; settings = {ATTRIBUTES = (RemoveHeadersOnCopy, ); }; };
		6368640B24EBA5FC00BDCE95 /* ARBroadcastViewController.m in Sources */ = {isa = PBXBuildFile; fileRef = 6368640A24EBA5FC00BDCE95 /* ARBroadcastViewController.m */; };
		6368640E24EBA62B00BDCE95 /* ARAudienceViewController.m in Sources */ = {isa = PBXBuildFile; fileRef = 6368640D24EBA62B00BDCE95 /* ARAudienceViewController.m */; };
		63BAFC722648D2E300AB28B0 /* gangqin.mp3 in Resources */ = {isa = PBXBuildFile; fileRef = 63BAFC712648D2E300AB28B0 /* gangqin.mp3 */; };
		63BAFC772648D38300AB28B0 /* ARtcKit.framework in Frameworks */ = {isa = PBXBuildFile; fileRef = 63BAFC762648D38300AB28B0 /* ARtcKit.framework */; };
		63BAFC792648D3A500AB28B0 /* ARtcKit.framework in Frameworks */ = {isa = PBXBuildFile; fileRef = 63BAFC742648D37D00AB28B0 /* ARtcKit.framework */; };
		63BAFC7A2648D3A500AB28B0 /* ARtcKit.framework in Embed Frameworks */ = {isa = PBXBuildFile; fileRef = 63BAFC742648D37D00AB28B0 /* ARtcKit.framework */; settings = {ATTRIBUTES = (CodeSignOnCopy, RemoveHeadersOnCopy, ); }; };
/* End PBXBuildFile section */

/* Begin PBXContainerItemProxy section */
		636863F724EAC1B200BDCE95 /* PBXContainerItemProxy */ = {
			isa = PBXContainerItemProxy;
			containerPortal = 636863B924EAC18600BDCE95 /* Project object */;
			proxyType = 1;
			remoteGlobalIDString = 636863ED24EAC1B200BDCE95;
			remoteInfo = "AR-Screen-Sharing-iOS-BroadcastSetupUI";
		};
		636863FA24EAC1B200BDCE95 /* PBXContainerItemProxy */ = {
			isa = PBXContainerItemProxy;
			containerPortal = 636863B924EAC18600BDCE95 /* Project object */;
			proxyType = 1;
			remoteGlobalIDString = 636863E024EAC1B200BDCE95;
			remoteInfo = "AR-Screen-Sharing-iOS-Broadcast";
		};
/* End PBXContainerItemProxy section */

/* Begin PBXCopyFilesBuildPhase section */
		631030F624EBC6DE001F50A8 /* Embed Frameworks */ = {
			isa = PBXCopyFilesBuildPhase;
			buildActionMask = 2147483647;
			dstPath = "";
			dstSubfolderSpec = 10;
			files = (
				63BAFC7A2648D3A500AB28B0 /* ARtcKit.framework in Embed Frameworks */,
			);
			name = "Embed Frameworks";
			runOnlyForDeploymentPostprocessing = 0;
		};
		6368640324EAC1B200BDCE95 /* Embed App Extensions */ = {
			isa = PBXCopyFilesBuildPhase;
			buildActionMask = 2147483647;
			dstPath = "";
			dstSubfolderSpec = 13;
			files = (
				636863FC24EAC1B200BDCE95 /* AR-Screen-Sharing-iOS-Broadcast.appex in Embed App Extensions */,
				636863F924EAC1B200BDCE95 /* AR-Screen-Sharing-iOS-BroadcastSetupUI.appex in Embed App Extensions */,
			);
			name = "Embed App Extensions";
			runOnlyForDeploymentPostprocessing = 0;
		};
		6368640824EAC23C00BDCE95 /* Embed Frameworks */ = {
			isa = PBXCopyFilesBuildPhase;
			buildActionMask = 2147483647;
			dstPath = "";
			dstSubfolderSpec = 10;
			files = (
			);
			name = "Embed Frameworks";
			runOnlyForDeploymentPostprocessing = 0;
		};
/* End PBXCopyFilesBuildPhase section */

/* Begin PBXFileReference section */
		636863C124EAC18600BDCE95 /* AR-Screen-Sharing-iOS.app */ = {isa = PBXFileReference; explicitFileType = wrapper.application; includeInIndex = 0; path = "AR-Screen-Sharing-iOS.app"; sourceTree = BUILT_PRODUCTS_DIR; };
		636863C424EAC18600BDCE95 /* AppDelegate.h */ = {isa = PBXFileReference; lastKnownFileType = sourcecode.c.h; path = AppDelegate.h; sourceTree = "<group>"; };
		636863C524EAC18600BDCE95 /* AppDelegate.m */ = {isa = PBXFileReference; lastKnownFileType = sourcecode.c.objc; path = AppDelegate.m; sourceTree = "<group>"; };
		636863CE24EAC18600BDCE95 /* Base */ = {isa = PBXFileReference; lastKnownFileType = file.storyboard; name = Base; path = Base.lproj/Main.storyboard; sourceTree = "<group>"; };
		636863D024EAC18700BDCE95 /* Assets.xcassets */ = {isa = PBXFileReference; lastKnownFileType = folder.assetcatalog; path = Assets.xcassets; sourceTree = "<group>"; };
		636863D324EAC18800BDCE95 /* Base */ = {isa = PBXFileReference; lastKnownFileType = file.storyboard; name = Base; path = Base.lproj/LaunchScreen.storyboard; sourceTree = "<group>"; };
		636863D524EAC18800BDCE95 /* Info.plist */ = {isa = PBXFileReference; lastKnownFileType = text.plist.xml; path = Info.plist; sourceTree = "<group>"; };
		636863D624EAC18800BDCE95 /* main.m */ = {isa = PBXFileReference; lastKnownFileType = sourcecode.c.objc; path = main.m; sourceTree = "<group>"; };
		636863E124EAC1B200BDCE95 /* AR-Screen-Sharing-iOS-Broadcast.appex */ = {isa = PBXFileReference; explicitFileType = "wrapper.app-extension"; includeInIndex = 0; path = "AR-Screen-Sharing-iOS-Broadcast.appex"; sourceTree = BUILT_PRODUCTS_DIR; };
		636863E324EAC1B200BDCE95 /* ReplayKit.framework */ = {isa = PBXFileReference; lastKnownFileType = wrapper.framework; name = ReplayKit.framework; path = System/Library/Frameworks/ReplayKit.framework; sourceTree = SDKROOT; };
		636863E624EAC1B200BDCE95 /* SampleHandler.h */ = {isa = PBXFileReference; lastKnownFileType = sourcecode.c.h; path = SampleHandler.h; sourceTree = "<group>"; };
		636863E724EAC1B200BDCE95 /* SampleHandler.m */ = {isa = PBXFileReference; lastKnownFileType = sourcecode.c.objc; path = SampleHandler.m; sourceTree = "<group>"; };
		636863E924EAC1B200BDCE95 /* Info.plist */ = {isa = PBXFileReference; lastKnownFileType = text.plist.xml; path = Info.plist; sourceTree = "<group>"; };
		636863EE24EAC1B200BDCE95 /* AR-Screen-Sharing-iOS-BroadcastSetupUI.appex */ = {isa = PBXFileReference; explicitFileType = "wrapper.app-extension"; includeInIndex = 0; path = "AR-Screen-Sharing-iOS-BroadcastSetupUI.appex"; sourceTree = BUILT_PRODUCTS_DIR; };
		636863F024EAC1B200BDCE95 /* UIKit.framework */ = {isa = PBXFileReference; lastKnownFileType = wrapper.framework; name = UIKit.framework; path = System/Library/Frameworks/UIKit.framework; sourceTree = SDKROOT; };
		636863F324EAC1B200BDCE95 /* BroadcastSetupViewController.h */ = {isa = PBXFileReference; lastKnownFileType = sourcecode.c.h; path = BroadcastSetupViewController.h; sourceTree = "<group>"; };
		636863F424EAC1B200BDCE95 /* BroadcastSetupViewController.m */ = {isa = PBXFileReference; lastKnownFileType = sourcecode.c.objc; path = BroadcastSetupViewController.m; sourceTree = "<group>"; };
		636863F624EAC1B200BDCE95 /* Info.plist */ = {isa = PBXFileReference; lastKnownFileType = text.plist.xml; path = Info.plist; sourceTree = "<group>"; };
		6368640924EBA5FC00BDCE95 /* ARBroadcastViewController.h */ = {isa = PBXFileReference; lastKnownFileType = sourcecode.c.h; path = ARBroadcastViewController.h; sourceTree = "<group>"; };
		6368640A24EBA5FC00BDCE95 /* ARBroadcastViewController.m */ = {isa = PBXFileReference; lastKnownFileType = sourcecode.c.objc; path = ARBroadcastViewController.m; sourceTree = "<group>"; };
		6368640C24EBA62B00BDCE95 /* ARAudienceViewController.h */ = {isa = PBXFileReference; lastKnownFileType = sourcecode.c.h; path = ARAudienceViewController.h; sourceTree = "<group>"; };
		6368640D24EBA62B00BDCE95 /* ARAudienceViewController.m */ = {isa = PBXFileReference; lastKnownFileType = sourcecode.c.objc; path = ARAudienceViewController.m; sourceTree = "<group>"; };
		63BAFC712648D2E300AB28B0 /* gangqin.mp3 */ = {isa = PBXFileReference; lastKnownFileType = audio.mp3; path = gangqin.mp3; sourceTree = "<group>"; };
		63BAFC742648D37D00AB28B0 /* ARtcKit.framework */ = {isa = PBXFileReference; lastKnownFileType = wrapper.framework; path = ARtcKit.framework; sourceTree = "<group>"; };
		63BAFC762648D38300AB28B0 /* ARtcKit.framework */ = {isa = PBXFileReference; lastKnownFileType = wrapper.framework; path = ARtcKit.framework; sourceTree = "<group>"; };
/* End PBXFileReference section */

/* Begin PBXFrameworksBuildPhase section */
		636863BE24EAC18600BDCE95 /* Frameworks */ = {
			isa = PBXFrameworksBuildPhase;
			buildActionMask = 2147483647;
			files = (
				63BAFC792648D3A500AB28B0 /* ARtcKit.framework in Frameworks */,
			);
			runOnlyForDeploymentPostprocessing = 0;
		};
		636863DE24EAC1B200BDCE95 /* Frameworks */ = {
			isa = PBXFrameworksBuildPhase;
			buildActionMask = 2147483647;
			files = (
				636863E424EAC1B200BDCE95 /* ReplayKit.framework in Frameworks */,
				63BAFC772648D38300AB28B0 /* ARtcKit.framework in Frameworks */,
			);
			runOnlyForDeploymentPostprocessing = 0;
		};
		636863EB24EAC1B200BDCE95 /* Frameworks */ = {
			isa = PBXFrameworksBuildPhase;
			buildActionMask = 2147483647;
			files = (
				636863EF24EAC1B200BDCE95 /* ReplayKit.framework in Frameworks */,
				636863F124EAC1B200BDCE95 /* UIKit.framework in Frameworks */,
			);
			runOnlyForDeploymentPostprocessing = 0;
		};
/* End PBXFrameworksBuildPhase section */

/* Begin PBXGroup section */
		636863B824EAC18600BDCE95 = {
			isa = PBXGroup;
			children = (
				636863C324EAC18600BDCE95 /* AR-Screen-Sharing-iOS */,
				636863E524EAC1B200BDCE95 /* AR-Screen-Sharing-iOS-Broadcast */,
				636863F224EAC1B200BDCE95 /* AR-Screen-Sharing-iOS-BroadcastSetupUI */,
				636863E224EAC1B200BDCE95 /* Frameworks */,
				636863C224EAC18600BDCE95 /* Products */,
			);
			sourceTree = "<group>";
		};
		636863C224EAC18600BDCE95 /* Products */ = {
			isa = PBXGroup;
			children = (
				636863C124EAC18600BDCE95 /* AR-Screen-Sharing-iOS.app */,
				636863E124EAC1B200BDCE95 /* AR-Screen-Sharing-iOS-Broadcast.appex */,
				636863EE24EAC1B200BDCE95 /* AR-Screen-Sharing-iOS-BroadcastSetupUI.appex */,
			);
			name = Products;
			sourceTree = "<group>";
		};
		636863C324EAC18600BDCE95 /* AR-Screen-Sharing-iOS */ = {
			isa = PBXGroup;
			children = (
				63BAFC742648D37D00AB28B0 /* ARtcKit.framework */,
				63BAFC7D2648DA1C00AB28B0 /* Room */,
				636863C424EAC18600BDCE95 /* AppDelegate.h */,
				636863C524EAC18600BDCE95 /* AppDelegate.m */,
				636863CD24EAC18600BDCE95 /* Main.storyboard */,
				636863D024EAC18700BDCE95 /* Assets.xcassets */,
				636863D224EAC18800BDCE95 /* LaunchScreen.storyboard */,
				636863D524EAC18800BDCE95 /* Info.plist */,
				636863D624EAC18800BDCE95 /* main.m */,
			);
			path = "AR-Screen-Sharing-iOS";
			sourceTree = "<group>";
		};
		636863E224EAC1B200BDCE95 /* Frameworks */ = {
			isa = PBXGroup;
			children = (
				636863E324EAC1B200BDCE95 /* ReplayKit.framework */,
				636863F024EAC1B200BDCE95 /* UIKit.framework */,
			);
			name = Frameworks;
			sourceTree = "<group>";
		};
		636863E524EAC1B200BDCE95 /* AR-Screen-Sharing-iOS-Broadcast */ = {
			isa = PBXGroup;
			children = (
				63BAFC762648D38300AB28B0 /* ARtcKit.framework */,
				636863E624EAC1B200BDCE95 /* SampleHandler.h */,
				636863E724EAC1B200BDCE95 /* SampleHandler.m */,
				63BAFC712648D2E300AB28B0 /* gangqin.mp3 */,
				636863E924EAC1B200BDCE95 /* Info.plist */,
			);
			path = "AR-Screen-Sharing-iOS-Broadcast";
			sourceTree = "<group>";
		};
		636863F224EAC1B200BDCE95 /* AR-Screen-Sharing-iOS-BroadcastSetupUI */ = {
			isa = PBXGroup;
			children = (
				636863F324EAC1B200BDCE95 /* BroadcastSetupViewController.h */,
				636863F424EAC1B200BDCE95 /* BroadcastSetupViewController.m */,
				636863F624EAC1B200BDCE95 /* Info.plist */,
			);
			path = "AR-Screen-Sharing-iOS-BroadcastSetupUI";
			sourceTree = "<group>";
		};
		63BAFC7D2648DA1C00AB28B0 /* Room */ = {
			isa = PBXGroup;
			children = (
				6368640924EBA5FC00BDCE95 /* ARBroadcastViewController.h */,
				6368640A24EBA5FC00BDCE95 /* ARBroadcastViewController.m */,
				6368640C24EBA62B00BDCE95 /* ARAudienceViewController.h */,
				6368640D24EBA62B00BDCE95 /* ARAudienceViewController.m */,
			);
			path = Room;
			sourceTree = "<group>";
		};
/* End PBXGroup section */

/* Begin PBXNativeTarget section */
		636863C024EAC18600BDCE95 /* AR-Screen-Sharing-iOS */ = {
			isa = PBXNativeTarget;
			buildConfigurationList = 636863DA24EAC18800BDCE95 /* Build configuration list for PBXNativeTarget "AR-Screen-Sharing-iOS" */;
			buildPhases = (
				636863BD24EAC18600BDCE95 /* Sources */,
				636863BE24EAC18600BDCE95 /* Frameworks */,
				636863BF24EAC18600BDCE95 /* Resources */,
				6368640324EAC1B200BDCE95 /* Embed App Extensions */,
				631030F624EBC6DE001F50A8 /* Embed Frameworks */,
			);
			buildRules = (
			);
			dependencies = (
				636863F824EAC1B200BDCE95 /* PBXTargetDependency */,
				636863FB24EAC1B200BDCE95 /* PBXTargetDependency */,
			);
			name = "AR-Screen-Sharing-iOS";
			productName = "AR-Screen-Sharing-iOS";
			productReference = 636863C124EAC18600BDCE95 /* AR-Screen-Sharing-iOS.app */;
			productType = "com.apple.product-type.application";
		};
		636863E024EAC1B200BDCE95 /* AR-Screen-Sharing-iOS-Broadcast */ = {
			isa = PBXNativeTarget;
			buildConfigurationList = 6368640024EAC1B200BDCE95 /* Build configuration list for PBXNativeTarget "AR-Screen-Sharing-iOS-Broadcast" */;
			buildPhases = (
				636863DD24EAC1B200BDCE95 /* Sources */,
				636863DE24EAC1B200BDCE95 /* Frameworks */,
				636863DF24EAC1B200BDCE95 /* Resources */,
				6368640824EAC23C00BDCE95 /* Embed Frameworks */,
			);
			buildRules = (
			);
			dependencies = (
			);
			name = "AR-Screen-Sharing-iOS-Broadcast";
			productName = "AR-Screen-Sharing-iOS-Broadcast";
			productReference = 636863E124EAC1B200BDCE95 /* AR-Screen-Sharing-iOS-Broadcast.appex */;
			productType = "com.apple.product-type.app-extension";
		};
		636863ED24EAC1B200BDCE95 /* AR-Screen-Sharing-iOS-BroadcastSetupUI */ = {
			isa = PBXNativeTarget;
			buildConfigurationList = 636863FD24EAC1B200BDCE95 /* Build configuration list for PBXNativeTarget "AR-Screen-Sharing-iOS-BroadcastSetupUI" */;
			buildPhases = (
				636863EA24EAC1B200BDCE95 /* Sources */,
				636863EB24EAC1B200BDCE95 /* Frameworks */,
				636863EC24EAC1B200BDCE95 /* Resources */,
			);
			buildRules = (
			);
			dependencies = (
			);
			name = "AR-Screen-Sharing-iOS-BroadcastSetupUI";
			productName = "AR-Screen-Sharing-iOS-BroadcastSetupUI";
			productReference = 636863EE24EAC1B200BDCE95 /* AR-Screen-Sharing-iOS-BroadcastSetupUI.appex */;
			productType = "com.apple.product-type.app-extension";
		};
/* End PBXNativeTarget section */

/* Begin PBXProject section */
		636863B924EAC18600BDCE95 /* Project object */ = {
			isa = PBXProject;
			attributes = {
				LastUpgradeCheck = 1130;
				ORGANIZATIONNAME = AR;
				TargetAttributes = {
					636863C024EAC18600BDCE95 = {
						CreatedOnToolsVersion = 11.3;
					};
					636863E024EAC1B200BDCE95 = {
						CreatedOnToolsVersion = 11.3;
					};
					636863ED24EAC1B200BDCE95 = {
						CreatedOnToolsVersion = 11.3;
					};
				};
			};
			buildConfigurationList = 636863BC24EAC18600BDCE95 /* Build configuration list for PBXProject "AR-Screen-Sharing-iOS" */;
			compatibilityVersion = "Xcode 9.3";
			developmentRegion = en;
			hasScannedForEncodings = 0;
			knownRegions = (
				en,
				Base,
			);
			mainGroup = 636863B824EAC18600BDCE95;
			productRefGroup = 636863C224EAC18600BDCE95 /* Products */;
			projectDirPath = "";
			projectRoot = "";
			targets = (
				636863C024EAC18600BDCE95 /* AR-Screen-Sharing-iOS */,
				636863E024EAC1B200BDCE95 /* AR-Screen-Sharing-iOS-Broadcast */,
				636863ED24EAC1B200BDCE95 /* AR-Screen-Sharing-iOS-BroadcastSetupUI */,
			);
		};
/* End PBXProject section */

/* Begin PBXResourcesBuildPhase section */
		636863BF24EAC18600BDCE95 /* Resources */ = {
			isa = PBXResourcesBuildPhase;
			buildActionMask = 2147483647;
			files = (
				636863D424EAC18800BDCE95 /* LaunchScreen.storyboard in Resources */,
				636863D124EAC18700BDCE95 /* Assets.xcassets in Resources */,
				636863CF24EAC18600BDCE95 /* Main.storyboard in Resources */,
			);
			runOnlyForDeploymentPostprocessing = 0;
		};
		636863DF24EAC1B200BDCE95 /* Resources */ = {
			isa = PBXResourcesBuildPhase;
			buildActionMask = 2147483647;
			files = (
				63BAFC722648D2E300AB28B0 /* gangqin.mp3 in Resources */,
			);
			runOnlyForDeploymentPostprocessing = 0;
		};
		636863EC24EAC1B200BDCE95 /* Resources */ = {
			isa = PBXResourcesBuildPhase;
			buildActionMask = 2147483647;
			files = (
			);
			runOnlyForDeploymentPostprocessing = 0;
		};
/* End PBXResourcesBuildPhase section */

/* Begin PBXSourcesBuildPhase section */
		636863BD24EAC18600BDCE95 /* Sources */ = {
			isa = PBXSourcesBuildPhase;
			buildActionMask = 2147483647;
			files = (
				6368640E24EBA62B00BDCE95 /* ARAudienceViewController.m in Sources */,
				636863C624EAC18600BDCE95 /* AppDelegate.m in Sources */,
				636863D724EAC18800BDCE95 /* main.m in Sources */,
				6368640B24EBA5FC00BDCE95 /* ARBroadcastViewController.m in Sources */,
			);
			runOnlyForDeploymentPostprocessing = 0;
		};
		636863DD24EAC1B200BDCE95 /* Sources */ = {
			isa = PBXSourcesBuildPhase;
			buildActionMask = 2147483647;
			files = (
				636863E824EAC1B200BDCE95 /* SampleHandler.m in Sources */,
			);
			runOnlyForDeploymentPostprocessing = 0;
		};
		636863EA24EAC1B200BDCE95 /* Sources */ = {
			isa = PBXSourcesBuildPhase;
			buildActionMask = 2147483647;
			files = (
				636863F524EAC1B200BDCE95 /* BroadcastSetupViewController.m in Sources */,
			);
			runOnlyForDeploymentPostprocessing = 0;
		};
/* End PBXSourcesBuildPhase section */

/* Begin PBXTargetDependency section */
		636863F824EAC1B200BDCE95 /* PBXTargetDependency */ = {
			isa = PBXTargetDependency;
			target = 636863ED24EAC1B200BDCE95 /* AR-Screen-Sharing-iOS-BroadcastSetupUI */;
			targetProxy = 636863F724EAC1B200BDCE95 /* PBXContainerItemProxy */;
		};
		636863FB24EAC1B200BDCE95 /* PBXTargetDependency */ = {
			isa = PBXTargetDependency;
			target = 636863E024EAC1B200BDCE95 /* AR-Screen-Sharing-iOS-Broadcast */;
			targetProxy = 636863FA24EAC1B200BDCE95 /* PBXContainerItemProxy */;
		};
/* End PBXTargetDependency section */

/* Begin PBXVariantGroup section */
		636863CD24EAC18600BDCE95 /* Main.storyboard */ = {
			isa = PBXVariantGroup;
			children = (
				636863CE24EAC18600BDCE95 /* Base */,
			);
			name = Main.storyboard;
			sourceTree = "<group>";
		};
		636863D224EAC18800BDCE95 /* LaunchScreen.storyboard */ = {
			isa = PBXVariantGroup;
			children = (
				636863D324EAC18800BDCE95 /* Base */,
			);
			name = LaunchScreen.storyboard;
			sourceTree = "<group>";
		};
/* End PBXVariantGroup section */

/* Begin XCBuildConfiguration section */
		636863D824EAC18800BDCE95 /* Debug */ = {
			isa = XCBuildConfiguration;
			buildSettings = {
				ALWAYS_SEARCH_USER_PATHS = NO;
				CLANG_ANALYZER_NONNULL = YES;
				CLANG_ANALYZER_NUMBER_OBJECT_CONVERSION = YES_AGGRESSIVE;
				CLANG_CXX_LANGUAGE_STANDARD = "gnu++14";
				CLANG_CXX_LIBRARY = "libc++";
				CLANG_ENABLE_MODULES = YES;
				CLANG_ENABLE_OBJC_ARC = YES;
				CLANG_ENABLE_OBJC_WEAK = YES;
				CLANG_WARN_BLOCK_CAPTURE_AUTORELEASING = YES;
				CLANG_WARN_BOOL_CONVERSION = YES;
				CLANG_WARN_COMMA = YES;
				CLANG_WARN_CONSTANT_CONVERSION = YES;
				CLANG_WARN_DEPRECATED_OBJC_IMPLEMENTATIONS = YES;
				CLANG_WARN_DIRECT_OBJC_ISA_USAGE = YES_ERROR;
				CLANG_WARN_DOCUMENTATION_COMMENTS = YES;
				CLANG_WARN_EMPTY_BODY = YES;
				CLANG_WARN_ENUM_CONVERSION = YES;
				CLANG_WARN_INFINITE_RECURSION = YES;
				CLANG_WARN_INT_CONVERSION = YES;
				CLANG_WARN_NON_LITERAL_NULL_CONVERSION = YES;
				CLANG_WARN_OBJC_IMPLICIT_RETAIN_SELF = YES;
				CLANG_WARN_OBJC_LITERAL_CONVERSION = YES;
				CLANG_WARN_OBJC_ROOT_CLASS = YES_ERROR;
				CLANG_WARN_RANGE_LOOP_ANALYSIS = YES;
				CLANG_WARN_STRICT_PROTOTYPES = YES;
				CLANG_WARN_SUSPICIOUS_MOVE = YES;
				CLANG_WARN_UNGUARDED_AVAILABILITY = YES_AGGRESSIVE;
				CLANG_WARN_UNREACHABLE_CODE = YES;
				CLANG_WARN__DUPLICATE_METHOD_MATCH = YES;
				COPY_PHASE_STRIP = NO;
				DEBUG_INFORMATION_FORMAT = dwarf;
				ENABLE_STRICT_OBJC_MSGSEND = YES;
				ENABLE_TESTABILITY = YES;
				GCC_C_LANGUAGE_STANDARD = gnu11;
				GCC_DYNAMIC_NO_PIC = NO;
				GCC_NO_COMMON_BLOCKS = YES;
				GCC_OPTIMIZATION_LEVEL = 0;
				GCC_PREPROCESSOR_DEFINITIONS = (
					"DEBUG=1",
					"$(inherited)",
				);
				GCC_WARN_64_TO_32_BIT_CONVERSION = YES;
				GCC_WARN_ABOUT_RETURN_TYPE = YES_ERROR;
				GCC_WARN_UNDECLARED_SELECTOR = YES;
				GCC_WARN_UNINITIALIZED_AUTOS = YES_AGGRESSIVE;
				GCC_WARN_UNUSED_FUNCTION = YES;
				GCC_WARN_UNUSED_VARIABLE = YES;
				IPHONEOS_DEPLOYMENT_TARGET = 13.2;
				MTL_ENABLE_DEBUG_INFO = INCLUDE_SOURCE;
				MTL_FAST_MATH = YES;
				ONLY_ACTIVE_ARCH = YES;
				SDKROOT = iphoneos;
			};
			name = Debug;
		};
		636863D924EAC18800BDCE95 /* Release */ = {
			isa = XCBuildConfiguration;
			buildSettings = {
				ALWAYS_SEARCH_USER_PATHS = NO;
				CLANG_ANALYZER_NONNULL = YES;
				CLANG_ANALYZER_NUMBER_OBJECT_CONVERSION = YES_AGGRESSIVE;
				CLANG_CXX_LANGUAGE_STANDARD = "gnu++14";
				CLANG_CXX_LIBRARY = "libc++";
				CLANG_ENABLE_MODULES = YES;
				CLANG_ENABLE_OBJC_ARC = YES;
				CLANG_ENABLE_OBJC_WEAK = YES;
				CLANG_WARN_BLOCK_CAPTURE_AUTORELEASING = YES;
				CLANG_WARN_BOOL_CONVERSION = YES;
				CLANG_WARN_COMMA = YES;
				CLANG_WARN_CONSTANT_CONVERSION = YES;
				CLANG_WARN_DEPRECATED_OBJC_IMPLEMENTATIONS = YES;
				CLANG_WARN_DIRECT_OBJC_ISA_USAGE = YES_ERROR;
				CLANG_WARN_DOCUMENTATION_COMMENTS = YES;
				CLANG_WARN_EMPTY_BODY = YES;
				CLANG_WARN_ENUM_CONVERSION = YES;
				CLANG_WARN_INFINITE_RECURSION = YES;
				CLANG_WARN_INT_CONVERSION = YES;
				CLANG_WARN_NON_LITERAL_NULL_CONVERSION = YES;
				CLANG_WARN_OBJC_IMPLICIT_RETAIN_SELF = YES;
				CLANG_WARN_OBJC_LITERAL_CONVERSION = YES;
				CLANG_WARN_OBJC_ROOT_CLASS = YES_ERROR;
				CLANG_WARN_RANGE_LOOP_ANALYSIS = YES;
				CLANG_WARN_STRICT_PROTOTYPES = YES;
				CLANG_WARN_SUSPICIOUS_MOVE = YES;
				CLANG_WARN_UNGUARDED_AVAILABILITY = YES_AGGRESSIVE;
				CLANG_WARN_UNREACHABLE_CODE = YES;
				CLANG_WARN__DUPLICATE_METHOD_MATCH = YES;
				COPY_PHASE_STRIP = NO;
				DEBUG_INFORMATION_FORMAT = "dwarf-with-dsym";
				ENABLE_NS_ASSERTIONS = NO;
				ENABLE_STRICT_OBJC_MSGSEND = YES;
				GCC_C_LANGUAGE_STANDARD = gnu11;
				GCC_NO_COMMON_BLOCKS = YES;
				GCC_WARN_64_TO_32_BIT_CONVERSION = YES;
				GCC_WARN_ABOUT_RETURN_TYPE = YES_ERROR;
				GCC_WARN_UNDECLARED_SELECTOR = YES;
				GCC_WARN_UNINITIALIZED_AUTOS = YES_AGGRESSIVE;
				GCC_WARN_UNUSED_FUNCTION = YES;
				GCC_WARN_UNUSED_VARIABLE = YES;
				IPHONEOS_DEPLOYMENT_TARGET = 13.2;
				MTL_ENABLE_DEBUG_INFO = NO;
				MTL_FAST_MATH = YES;
				SDKROOT = iphoneos;
				VALIDATE_PRODUCT = YES;
			};
			name = Release;
		};
		636863DB24EAC18800BDCE95 /* Debug */ = {
			isa = XCBuildConfiguration;
			buildSettings = {
				ASSETCATALOG_COMPILER_APPICON_NAME = AppIcon;
				CODE_SIGN_STYLE = Automatic;
				DEVELOPMENT_TEAM = 5543CP4MRT;
				FRAMEWORK_SEARCH_PATHS = (
					"$(inherited)",
					"$(PROJECT_DIR)/AR-Screen-Sharing-iOS-Broadcast",
					"$(PROJECT_DIR)/AR-Screen-Sharing-iOS",
				);
				INFOPLIST_FILE = "AR-Screen-Sharing-iOS/Info.plist";
				IPHONEOS_DEPLOYMENT_TARGET = 11.0;
				LD_RUNPATH_SEARCH_PATHS = (
					"$(inherited)",
					"@executable_path/Frameworks",
				);
				PRODUCT_BUNDLE_IDENTIFIER = "com.AR-Screen-Sharing-iOS";
				PRODUCT_NAME = "$(TARGET_NAME)";
				TARGETED_DEVICE_FAMILY = "1,2";
			};
			name = Debug;
		};
		636863DC24EAC18800BDCE95 /* Release */ = {
			isa = XCBuildConfiguration;
			buildSettings = {
				ASSETCATALOG_COMPILER_APPICON_NAME = AppIcon;
				CODE_SIGN_STYLE = Automatic;
				DEVELOPMENT_TEAM = 5543CP4MRT;
				FRAMEWORK_SEARCH_PATHS = (
					"$(inherited)",
					"$(PROJECT_DIR)/AR-Screen-Sharing-iOS-Broadcast",
					"$(PROJECT_DIR)/AR-Screen-Sharing-iOS",
				);
				INFOPLIST_FILE = "AR-Screen-Sharing-iOS/Info.plist";
				IPHONEOS_DEPLOYMENT_TARGET = 11.0;
				LD_RUNPATH_SEARCH_PATHS = (
					"$(inherited)",
					"@executable_path/Frameworks",
				);
				PRODUCT_BUNDLE_IDENTIFIER = "com.AR-Screen-Sharing-iOS";
				PRODUCT_NAME = "$(TARGET_NAME)";
				TARGETED_DEVICE_FAMILY = "1,2";
			};
			name = Release;
		};
		636863FE24EAC1B200BDCE95 /* Debug */ = {
			isa = XCBuildConfiguration;
			buildSettings = {
				CODE_SIGN_STYLE = Automatic;
				DEVELOPMENT_TEAM = 5543CP4MRT;
				FRAMEWORK_SEARCH_PATHS = (
					"$(inherited)",
					"$(PROJECT_DIR)/AR-Screen-Sharing-iOS-BroadcastSetupUI",
				);
				GCC_PREFIX_HEADER = "";
				INFOPLIST_FILE = "AR-Screen-Sharing-iOS-BroadcastSetupUI/Info.plist";
				IPHONEOS_DEPLOYMENT_TARGET = 11.0;
				LD_RUNPATH_SEARCH_PATHS = (
					"$(inherited)",
					"@executable_path/Frameworks",
					"@executable_path/../../Frameworks",
				);
				PRODUCT_BUNDLE_IDENTIFIER = "com.AR-Screen-Sharing-iOS.BroadcastSetupUI";
				PRODUCT_NAME = "$(TARGET_NAME)";
				SKIP_INSTALL = YES;
				TARGETED_DEVICE_FAMILY = "1,2";
			};
			name = Debug;
		};
		636863FF24EAC1B200BDCE95 /* Release */ = {
			isa = XCBuildConfiguration;
			buildSettings = {
				CODE_SIGN_STYLE = Automatic;
				DEVELOPMENT_TEAM = 5543CP4MRT;
				FRAMEWORK_SEARCH_PATHS = (
					"$(inherited)",
					"$(PROJECT_DIR)/AR-Screen-Sharing-iOS-BroadcastSetupUI",
				);
				GCC_PREFIX_HEADER = "";
				INFOPLIST_FILE = "AR-Screen-Sharing-iOS-BroadcastSetupUI/Info.plist";
				IPHONEOS_DEPLOYMENT_TARGET = 11.0;
				LD_RUNPATH_SEARCH_PATHS = (
					"$(inherited)",
					"@executable_path/Frameworks",
					"@executable_path/../../Frameworks",
				);
				PRODUCT_BUNDLE_IDENTIFIER = "com.AR-Screen-Sharing-iOS.BroadcastSetupUI";
				PRODUCT_NAME = "$(TARGET_NAME)";
				SKIP_INSTALL = YES;
				TARGETED_DEVICE_FAMILY = "1,2";
			};
			name = Release;
		};
		6368640124EAC1B200BDCE95 /* Debug */ = {
			isa = XCBuildConfiguration;
			buildSettings = {
				CODE_SIGN_STYLE = Automatic;
				DEVELOPMENT_TEAM = 5543CP4MRT;
				FRAMEWORK_SEARCH_PATHS = (
					"$(inherited)",
					"$(PROJECT_DIR)/AR-Screen-Sharing-iOS-Broadcast",
				);
				INFOPLIST_FILE = "AR-Screen-Sharing-iOS-Broadcast/Info.plist";
				IPHONEOS_DEPLOYMENT_TARGET = 11.0;
				LD_RUNPATH_SEARCH_PATHS = (
					"$(inherited)",
					"@executable_path/Frameworks",
					"@executable_path/../../Frameworks",
				);
				PRODUCT_BUNDLE_IDENTIFIER = "com.AR-Screen-Sharing-iOS.BroadcastUpload";
				PRODUCT_NAME = "$(TARGET_NAME)";
				SKIP_INSTALL = YES;
				TARGETED_DEVICE_FAMILY = "1,2";
			};
			name = Debug;
		};
		6368640224EAC1B200BDCE95 /* Release */ = {
			isa = XCBuildConfiguration;
			buildSettings = {
				CODE_SIGN_STYLE = Automatic;
				DEVELOPMENT_TEAM = 5543CP4MRT;
				FRAMEWORK_SEARCH_PATHS = (
					"$(inherited)",
					"$(PROJECT_DIR)/AR-Screen-Sharing-iOS-Broadcast",
				);
				INFOPLIST_FILE = "AR-Screen-Sharing-iOS-Broadcast/Info.plist";
				IPHONEOS_DEPLOYMENT_TARGET = 11.0;
				LD_RUNPATH_SEARCH_PATHS = (
					"$(inherited)",
					"@executable_path/Frameworks",
					"@executable_path/../../Frameworks",
				);
				PRODUCT_BUNDLE_IDENTIFIER = "com.AR-Screen-Sharing-iOS.BroadcastUpload";
				PRODUCT_NAME = "$(TARGET_NAME)";
				SKIP_INSTALL = YES;
				TARGETED_DEVICE_FAMILY = "1,2";
			};
			name = Release;
		};
/* End XCBuildConfiguration section */

/* Begin XCConfigurationList section */
		636863BC24EAC18600BDCE95 /* Build configuration list for PBXProject "AR-Screen-Sharing-iOS" */ = {
			isa = XCConfigurationList;
			buildConfigurations = (
				636863D824EAC18800BDCE95 /* Debug */,
				636863D924EAC18800BDCE95 /* Release */,
			);
			defaultConfigurationIsVisible = 0;
			defaultConfigurationName = Release;
		};
		636863DA24EAC18800BDCE95 /* Build configuration list for PBXNativeTarget "AR-Screen-Sharing-iOS" */ = {
			isa = XCConfigurationList;
			buildConfigurations = (
				636863DB24EAC18800BDCE95 /* Debug */,
				636863DC24EAC18800BDCE95 /* Release */,
			);
			defaultConfigurationIsVisible = 0;
			defaultConfigurationName = Release;
		};
		636863FD24EAC1B200BDCE95 /* Build configuration list for PBXNativeTarget "AR-Screen-Sharing-iOS-BroadcastSetupUI" */ = {
			isa = XCConfigurationList;
			buildConfigurations = (
				636863FE24EAC1B200BDCE95 /* Debug */,
				636863FF24EAC1B200BDCE95 /* Release */,
			);
			defaultConfigurationIsVisible = 0;
			defaultConfigurationName = Release;
		};
		6368640024EAC1B200BDCE95 /* Build configuration list for PBXNativeTarget "AR-Screen-Sharing-iOS-Broadcast" */ = {
			isa = XCConfigurationList;
			buildConfigurations = (
				6368640124EAC1B200BDCE95 /* Debug */,
				6368640224EAC1B200BDCE95 /* Release */,
			);
			defaultConfigurationIsVisible = 0;
			defaultConfigurationName = Release;
		};
/* End XCConfigurationList section */
	};
	rootObject = 636863B924EAC18600BDCE95 /* Project object */;
}
